
Microsoft Visual Studio Solution File, Format Version 11.00
# Visual C# Express 2010
Project("{FAE04EC0-301F-11D3-BF4B-00C04F79EFBC}") = "Take5", "Take5\Take5.csproj", "{6F12DE11-3036-46F5-A07F-EBCBFBA47F09}"
EndProject
Global
	GlobalSection(SolutionConfigurationPlatforms) = preSolution
		Debug|Any CPU = Debug|Any CPU
		Release|Any CPU = Release|Any CPU
	EndGlobalSection
	GlobalSection(ProjectConfigurationPlatforms) = postSolution
		{6F12DE11-3036-46F5-A07F-EBCBFBA47F09}.Debug|Any CPU.ActiveCfg = Debug|Any CPU
		{6F12DE11-3036-46F5-A07F-EBCBFBA47F09}.Debug|Any CPU.Build.0 = Debug|Any CPU
		{6F12DE11-3036-46F5-A07F-EBCBFBA47F09}.Release|Any CPU.ActiveCfg = Release|Any CPU
		{6F12DE11-3036-46F5-A07F-EBCBFBA47F09}.Release|Any CPU.Build.0 = Release|Any CPU
	EndGlobalSection
	GlobalSection(SolutionProperties) = preSolution
		HideSolutionNode = FALSE
	EndGlobalSection
EndGlobal
